// !$*UTF8*$!
{
	archiveVersion = 1;
	classes = {
	};
	objectVersion = 56;
	objects = {

/* Begin PBXBuildFile section */
		2F0202D12C2B4C4D000EB630 /* APODApp.swift in Sources */ = {isa = PBXBuildFile; fileRef = 2F0202D02C2B4C4D000EB630 /* APODApp.swift */; };
		2F0202D32C2B4C4D000EB630 /* APODListView.swift in Sources */ = {isa = PBXBuildFile; fileRef = 2F0202D22C2B4C4D000EB630 /* APODListView.swift */; };
		2F0202D52C2B4C4F000EB630 /* Assets.xcassets in Resources */ = {isa = PBXBuildFile; fileRef = 2F0202D42C2B4C4F000EB630 /* Assets.xcassets */; };
		2F0202D82C2B4C4F000EB630 /* Preview Assets.xcassets in Resources */ = {isa = PBXBuildFile; fileRef = 2F0202D72C2B4C4F000EB630 /* Preview Assets.xcassets */; };
		2F0202E22C2B4C50000EB630 /* APODTests.swift in Sources */ = {isa = PBXBuildFile; fileRef = 2F0202E12C2B4C50000EB630 /* APODTests.swift */; };
		2F0202EC2C2B4C50000EB630 /* APODUITests.swift in Sources */ = {isa = PBXBuildFile; fileRef = 2F0202EB2C2B4C50000EB630 /* APODUITests.swift */; };
		2F0202EE2C2B4C50000EB630 /* APODUITestsLaunchTests.swift in Sources */ = {isa = PBXBuildFile; fileRef = 2F0202ED2C2B4C50000EB630 /* APODUITestsLaunchTests.swift */; };
		2F0202FD2C2B4CA7000EB630 /* APODNetworkingService.swift in Sources */ = {isa = PBXBuildFile; fileRef = 2F0202FC2C2B4CA7000EB630 /* APODNetworkingService.swift */; };
		2F0202FF2C2B4EBE000EB630 /* APOD.swift in Sources */ = {isa = PBXBuildFile; fileRef = 2F0202FE2C2B4EBE000EB630 /* APOD.swift */; };
		2F0203032C2B52E9000EB630 /* APODListViewModel.swift in Sources */ = {isa = PBXBuildFile; fileRef = 2F0203022C2B52E9000EB630 /* APODListViewModel.swift */; };
		2F0203052C2B5920000EB630 /* APODDetailsView.swift in Sources */ = {isa = PBXBuildFile; fileRef = 2F0203042C2B5920000EB630 /* APODDetailsView.swift */; };
/* End PBXBuildFile section */

/* Begin PBXContainerItemProxy section */
		2F0202DE2C2B4C50000EB630 /* PBXContainerItemProxy */ = {
			isa = PBXContainerItemProxy;
			containerPortal = 2F0202C52C2B4C4D000EB630 /* Project object */;
			proxyType = 1;
			remoteGlobalIDString = 2F0202CC2C2B4C4D000EB630;
			remoteInfo = APOD;
		};
		2F0202E82C2B4C50000EB630 /* PBXContainerItemProxy */ = {
			isa = PBXContainerItemProxy;
			containerPortal = 2F0202C52C2B4C4D000EB630 /* Project object */;
			proxyType = 1;
			remoteGlobalIDString = 2F0202CC2C2B4C4D000EB630;
			remoteInfo = APOD;
		};
/* End PBXContainerItemProxy section */

/* Begin PBXFileReference section */
		2F0202CD2C2B4C4D000EB630 /* APOD.app */ = {isa = PBXFileReference; explicitFileType = wrapper.application; includeInIndex = 0; path = APOD.app; sourceTree = BUILT_PRODUCTS_DIR; };
		2F0202D02C2B4C4D000EB630 /* APODApp.swift */ = {isa = PBXFileReference; lastKnownFileType = sourcecode.swift; path = APODApp.swift; sourceTree = "<group>"; };
		2F0202D22C2B4C4D000EB630 /* APODListView.swift */ = {isa = PBXFileReference; lastKnownFileType = sourcecode.swift; path = APODListView.swift; sourceTree = "<group>"; };
		2F0202D42C2B4C4F000EB630 /* Assets.xcassets */ = {isa = PBXFileReference; lastKnownFileType = folder.assetcatalog; path = Assets.xcassets; sourceTree = "<group>"; };
		2F0202D72C2B4C4F000EB630 /* Preview Assets.xcassets */ = {isa = PBXFileReference; lastKnownFileType = folder.assetcatalog; path = "Preview Assets.xcassets"; sourceTree = "<group>"; };
		2F0202DD2C2B4C50000EB630 /* APODTests.xctest */ = {isa = PBXFileReference; explicitFileType = wrapper.cfbundle; includeInIndex = 0; path = APODTests.xctest; sourceTree = BUILT_PRODUCTS_DIR; };
		2F0202E12C2B4C50000EB630 /* APODTests.swift */ = {isa = PBXFileReference; lastKnownFileType = sourcecode.swift; path = APODTests.swift; sourceTree = "<group>"; };
		2F0202E72C2B4C50000EB630 /* APODUITests.xctest */ = {isa = PBXFileReference; explicitFileType = wrapper.cfbundle; includeInIndex = 0; path = APODUITests.xctest; sourceTree = BUILT_PRODUCTS_DIR; };
		2F0202EB2C2B4C50000EB630 /* APODUITests.swift */ = {isa = PBXFileReference; lastKnownFileType = sourcecode.swift; path = APODUITests.swift; sourceTree = "<group>"; };
		2F0202ED2C2B4C50000EB630 /* APODUITestsLaunchTests.swift */ = {isa = PBXFileReference; lastKnownFileType = sourcecode.swift; path = APODUITestsLaunchTests.swift; sourceTree = "<group>"; };
		2F0202FC2C2B4CA7000EB630 /* APODNetworkingService.swift */ = {isa = PBXFileReference; lastKnownFileType = sourcecode.swift; path = APODNetworkingService.swift; sourceTree = "<group>"; };
		2F0202FE2C2B4EBE000EB630 /* APOD.swift */ = {isa = PBXFileReference; lastKnownFileType = sourcecode.swift; path = APOD.swift; sourceTree = "<group>"; };
		2F0203022C2B52E9000EB630 /* APODListViewModel.swift */ = {isa = PBXFileReference; lastKnownFileType = sourcecode.swift; path = APODListViewModel.swift; sourceTree = "<group>"; };
		2F0203042C2B5920000EB630 /* APODDetailsView.swift */ = {isa = PBXFileReference; lastKnownFileType = sourcecode.swift; path = APODDetailsView.swift; sourceTree = "<group>"; };
/* End PBXFileReference section */

/* Begin PBXFrameworksBuildPhase section */
		2F0202CA2C2B4C4D000EB630 /* Frameworks */ = {
			isa = PBXFrameworksBuildPhase;
			buildActionMask = 2147483647;
			files = (
			);
			runOnlyForDeploymentPostprocessing = 0;
		};
		2F0202DA2C2B4C50000EB630 /* Frameworks */ = {
			isa = PBXFrameworksBuildPhase;
			buildActionMask = 2147483647;
			files = (
			);
			runOnlyForDeploymentPostprocessing = 0;
		};
		2F0202E42C2B4C50000EB630 /* Frameworks */ = {
			isa = PBXFrameworksBuildPhase;
			buildActionMask = 2147483647;
			files = (
			);
			runOnlyForDeploymentPostprocessing = 0;
		};
/* End PBXFrameworksBuildPhase section */

/* Begin PBXGroup section */
		2F0202C42C2B4C4D000EB630 = {
			isa = PBXGroup;
			children = (
				2F0202CF2C2B4C4D000EB630 /* APOD */,
				2F0202E02C2B4C50000EB630 /* APODTests */,
				2F0202EA2C2B4C50000EB630 /* APODUITests */,
				2F0202CE2C2B4C4D000EB630 /* Products */,
			);
			sourceTree = "<group>";
		};
		2F0202CE2C2B4C4D000EB630 /* Products */ = {
			isa = PBXGroup;
			children = (
				2F0202CD2C2B4C4D000EB630 /* APOD.app */,
				2F0202DD2C2B4C50000EB630 /* APODTests.xctest */,
				2F0202E72C2B4C50000EB630 /* APODUITests.xctest */,
			);
			name = Products;
			sourceTree = "<group>";
		};
		2F0202CF2C2B4C4D000EB630 /* APOD */ = {
			isa = PBXGroup;
			children = (
				2F0203012C2B52DD000EB630 /* ViewModel */,
				2F0202FB2C2B4C95000EB630 /* Services */,
				2F0202FA2C2B4C90000EB630 /* Model */,
				2F0202D02C2B4C4D000EB630 /* APODApp.swift */,
				2F0203002C2B52BF000EB630 /* View */,
				2F0202D42C2B4C4F000EB630 /* Assets.xcassets */,
				2F0202D62C2B4C4F000EB630 /* Preview Content */,
			);
			path = APOD;
			sourceTree = "<group>";
		};
		2F0202D62C2B4C4F000EB630 /* Preview Content */ = {
			isa = PBXGroup;
			children = (
				2F0202D72C2B4C4F000EB630 /* Preview Assets.xcassets */,
			);
			path = "Preview Content";
			sourceTree = "<group>";
		};
		2F0202E02C2B4C50000EB630 /* APODTests */ = {
			isa = PBXGroup;
			children = (
				2F0202E12C2B4C50000EB630 /* APODTests.swift */,
			);
			path = APODTests;
			sourceTree = "<group>";
		};
		2F0202EA2C2B4C50000EB630 /* APODUITests */ = {
			isa = PBXGroup;
			children = (
				2F0202EB2C2B4C50000EB630 /* APODUITests.swift */,
				2F0202ED2C2B4C50000EB630 /* APODUITestsLaunchTests.swift */,
			);
			path = APODUITests;
			sourceTree = "<group>";
		};
		2F0202FA2C2B4C90000EB630 /* Model */ = {
			isa = PBXGroup;
			children = (
				2F0202FE2C2B4EBE000EB630 /* APOD.swift */,
			);
			path = Model;
			sourceTree = "<group>";
		};
		2F0202FB2C2B4C95000EB630 /* Services */ = {
			isa = PBXGroup;
			children = (
				2F0202FC2C2B4CA7000EB630 /* APODNetworkingService.swift */,
			);
			path = Services;
			sourceTree = "<group>";
		};
		2F0203002C2B52BF000EB630 /* View */ = {
			isa = PBXGroup;
			children = (
				2F0202D22C2B4C4D000EB630 /* APODListView.swift */,
				2F0203042C2B5920000EB630 /* APODDetailsView.swift */,
			);
			path = View;
			sourceTree = "<group>";
		};
		2F0203012C2B52DD000EB630 /* ViewModel */ = {
			isa = PBXGroup;
			children = (
				2F0203022C2B52E9000EB630 /* APODListViewModel.swift */,
			);
			path = ViewModel;
			sourceTree = "<group>";
		};
/* End PBXGroup section */

/* Begin PBXNativeTarget section */
		2F0202CC2C2B4C4D000EB630 /* APOD */ = {
			isa = PBXNativeTarget;
			buildConfigurationList = 2F0202F12C2B4C50000EB630 /* Build configuration list for PBXNativeTarget "APOD" */;
			buildPhases = (
				2F0202C92C2B4C4D000EB630 /* Sources */,
				2F0202CA2C2B4C4D000EB630 /* Frameworks */,
				2F0202CB2C2B4C4D000EB630 /* Resources */,
			);
			buildRules = (
			);
			dependencies = (
			);
			name = APOD;
			productName = APOD;
			productReference = 2F0202CD2C2B4C4D000EB630 /* APOD.app */;
			productType = "com.apple.product-type.application";
		};
		2F0202DC2C2B4C50000EB630 /* APODTests */ = {
			isa = PBXNativeTarget;
			buildConfigurationList = 2F0202F42C2B4C50000EB630 /* Build configuration list for PBXNativeTarget "APODTests" */;
			buildPhases = (
				2F0202D92C2B4C50000EB630 /* Sources */,
				2F0202DA2C2B4C50000EB630 /* Frameworks */,
				2F0202DB2C2B4C50000EB630 /* Resources */,
			);
			buildRules = (
			);
			dependencies = (
				2F0202DF2C2B4C50000EB630 /* PBXTargetDependency */,
			);
			name = APODTests;
			productName = APODTests;
			productReference = 2F0202DD2C2B4C50000EB630 /* APODTests.xctest */;
			productType = "com.apple.product-type.bundle.unit-test";
		};
		2F0202E62C2B4C50000EB630 /* APODUITests */ = {
			isa = PBXNativeTarget;
			buildConfigurationList = 2F0202F72C2B4C50000EB630 /* Build configuration list for PBXNativeTarget "APODUITests" */;
			buildPhases = (
				2F0202E32C2B4C50000EB630 /* Sources */,
				2F0202E42C2B4C50000EB630 /* Frameworks */,
				2F0202E52C2B4C50000EB630 /* Resources */,
			);
			buildRules = (
			);
			dependencies = (
				2F0202E92C2B4C50000EB630 /* PBXTargetDependency */,
			);
			name = APODUITests;
			productName = APODUITests;
			productReference = 2F0202E72C2B4C50000EB630 /* APODUITests.xctest */;
			productType = "com.apple.product-type.bundle.ui-testing";
		};
/* End PBXNativeTarget section */

/* Begin PBXProject section */
		2F0202C52C2B4C4D000EB630 /* Project object */ = {
			isa = PBXProject;
			attributes = {
				BuildIndependentTargetsInParallel = 1;
				LastSwiftUpdateCheck = 1520;
				LastUpgradeCheck = 1520;
				TargetAttributes = {
					2F0202CC2C2B4C4D000EB630 = {
						CreatedOnToolsVersion = 15.2;
					};
					2F0202DC2C2B4C50000EB630 = {
						CreatedOnToolsVersion = 15.2;
						TestTargetID = 2F0202CC2C2B4C4D000EB630;
					};
					2F0202E62C2B4C50000EB630 = {
						CreatedOnToolsVersion = 15.2;
						TestTargetID = 2F0202CC2C2B4C4D000EB630;
					};
				};
			};
			buildConfigurationList = 2F0202C82C2B4C4D000EB630 /* Build configuration list for PBXProject "APOD" */;
			compatibilityVersion = "Xcode 14.0";
			developmentRegion = en;
			hasScannedForEncodings = 0;
			knownRegions = (
				en,
				Base,
			);
			mainGroup = 2F0202C42C2B4C4D000EB630;
			productRefGroup = 2F0202CE2C2B4C4D000EB630 /* Products */;
			projectDirPath = "";
			projectRoot = "";
			targets = (
				2F0202CC2C2B4C4D000EB630 /* APOD */,
				2F0202DC2C2B4C50000EB630 /* APODTests */,
				2F0202E62C2B4C50000EB630 /* APODUITests */,
			);
		};
/* End PBXProject section */

/* Begin PBXResourcesBuildPhase section */
		2F0202CB2C2B4C4D000EB630 /* Resources */ = {
			isa = PBXResourcesBuildPhase;
			buildActionMask = 2147483647;
			files = (
				2F0202D82C2B4C4F000EB630 /* Preview Assets.xcassets in Resources */,
				2F0202D52C2B4C4F000EB630 /* Assets.xcassets in Resources */,
			);
			runOnlyForDeploymentPostprocessing = 0;
		};
		2F0202DB2C2B4C50000EB630 /* Resources */ = {
			isa = PBXResourcesBuildPhase;
			buildActionMask = 2147483647;
			files = (
			);
			runOnlyForDeploymentPostprocessing = 0;
		};
		2F0202E52C2B4C50000EB630 /* Resources */ = {
			isa = PBXResourcesBuildPhase;
			buildActionMask = 2147483647;
			files = (
			);
			runOnlyForDeploymentPostprocessing = 0;
		};
/* End PBXResourcesBuildPhase section */

/* Begin PBXSourcesBuildPhase section */
		2F0202C92C2B4C4D000EB630 /* Sources */ = {
			isa = PBXSourcesBuildPhase;
			buildActionMask = 2147483647;
			files = (
				2F0203032C2B52E9000EB630 /* APODListViewModel.swift in Sources */,
				2F0202FF2C2B4EBE000EB630 /* APOD.swift in Sources */,
				2F0202FD2C2B4CA7000EB630 /* APODNetworkingService.swift in Sources */,
				2F0203052C2B5920000EB630 /* APODDetailsView.swift in Sources */,
				2F0202D32C2B4C4D000EB630 /* APODListView.swift in Sources */,
				2F0202D12C2B4C4D000EB630 /* APODApp.swift in Sources */,
			);
			runOnlyForDeploymentPostprocessing = 0;
		};
		2F0202D92C2B4C50000EB630 /* Sources */ = {
			isa = PBXSourcesBuildPhase;
			buildActionMask = 2147483647;
			files = (
				2F0202E22C2B4C50000EB630 /* APODTests.swift in Sources */,
			);
			runOnlyForDeploymentPostprocessing = 0;
		};
		2F0202E32C2B4C50000EB630 /* Sources */ = {
			isa = PBXSourcesBuildPhase;
			buildActionMask = 2147483647;
			files = (
				2F0202EE2C2B4C50000EB630 /* APODUITestsLaunchTests.swift in Sources */,
				2F0202EC2C2B4C50000EB630 /* APODUITests.swift in Sources */,
			);
			runOnlyForDeploymentPostprocessing = 0;
		};
/* End PBXSourcesBuildPhase section */

/* Begin PBXTargetDependency section */
		2F0202DF2C2B4C50000EB630 /* PBXTargetDependency */ = {
			isa = PBXTargetDependency;
			target = 2F0202CC2C2B4C4D000EB630 /* APOD */;
			targetProxy = 2F0202DE2C2B4C50000EB630 /* PBXContainerItemProxy */;
		};
		2F0202E92C2B4C50000EB630 /* PBXTargetDependency */ = {
			isa = PBXTargetDependency;
			target = 2F0202CC2C2B4C4D000EB630 /* APOD */;
			targetProxy = 2F0202E82C2B4C50000EB630 /* PBXContainerItemProxy */;
		};
/* End PBXTargetDependency section */

/* Begin XCBuildConfiguration section */
		2F0202EF2C2B4C50000EB630 /* Debug */ = {
			isa = XCBuildConfiguration;
			buildSettings = {
				ALWAYS_SEARCH_USER_PATHS = NO;
				ASSETCATALOG_COMPILER_GENERATE_SWIFT_ASSET_SYMBOL_EXTENSIONS = YES;
				CLANG_ANALYZER_NONNULL = YES;
				CLANG_ANALYZER_NUMBER_OBJECT_CONVERSION = YES_AGGRESSIVE;
				CLANG_CXX_LANGUAGE_STANDARD = "gnu++20";
				CLANG_ENABLE_MODULES = YES;
				CLANG_ENABLE_OBJC_ARC = YES;
				CLANG_ENABLE_OBJC_WEAK = YES;
				CLANG_WARN_BLOCK_CAPTURE_AUTORELEASING = YES;
				CLANG_WARN_BOOL_CONVERSION = YES;
				CLANG_WARN_COMMA = YES;
				CLANG_WARN_CONSTANT_CONVERSION = YES;
				CLANG_WARN_DEPRECATED_OBJC_IMPLEMENTATIONS = YES;
				CLANG_WARN_DIRECT_OBJC_ISA_USAGE = YES_ERROR;
				CLANG_WARN_DOCUMENTATION_COMMENTS = YES;
				CLANG_WARN_EMPTY_BODY = YES;
				CLANG_WARN_ENUM_CONVERSION = YES;
				CLANG_WARN_INFINITE_RECURSION = YES;
				CLANG_WARN_INT_CONVERSION = YES;
				CLANG_WARN_NON_LITERAL_NULL_CONVERSION = YES;
				CLANG_WARN_OBJC_IMPLICIT_RETAIN_SELF = YES;
				CLANG_WARN_OBJC_LITERAL_CONVERSION = YES;
				CLANG_WARN_OBJC_ROOT_CLASS = YES_ERROR;
				CLANG_WARN_QUOTED_INCLUDE_IN_FRAMEWORK_HEADER = YES;
				CLANG_WARN_RANGE_LOOP_ANALYSIS = YES;
				CLANG_WARN_STRICT_PROTOTYPES = YES;
				CLANG_WARN_SUSPICIOUS_MOVE = YES;
				CLANG_WARN_UNGUARDED_AVAILABILITY = YES_AGGRESSIVE;
				CLANG_WARN_UNREACHABLE_CODE = YES;
				CLANG_WARN__DUPLICATE_METHOD_MATCH = YES;
				COPY_PHASE_STRIP = NO;
				DEBUG_INFORMATION_FORMAT = dwarf;
				ENABLE_STRICT_OBJC_MSGSEND = YES;
				ENABLE_TESTABILITY = YES;
				ENABLE_USER_SCRIPT_SANDBOXING = YES;
				GCC_C_LANGUAGE_STANDARD = gnu17;
				GCC_DYNAMIC_NO_PIC = NO;
				GCC_NO_COMMON_BLOCKS = YES;
				GCC_OPTIMIZATION_LEVEL = 0;
				GCC_PREPROCESSOR_DEFINITIONS = (
					"DEBUG=1",
					"$(inherited)",
				);
				GCC_WARN_64_TO_32_BIT_CONVERSION = YES;
				GCC_WARN_ABOUT_RETURN_TYPE = YES_ERROR;
				GCC_WARN_UNDECLARED_SELECTOR = YES;
				GCC_WARN_UNINITIALIZED_AUTOS = YES_AGGRESSIVE;
				GCC_WARN_UNUSED_FUNCTION = YES;
				GCC_WARN_UNUSED_VARIABLE = YES;
				IPHONEOS_DEPLOYMENT_TARGET = 17.2;
				LOCALIZATION_PREFERS_STRING_CATALOGS = YES;
				MTL_ENABLE_DEBUG_INFO = INCLUDE_SOURCE;
				MTL_FAST_MATH = YES;
				ONLY_ACTIVE_ARCH = YES;
				SDKROOT = iphoneos;
				SWIFT_ACTIVE_COMPILATION_CONDITIONS = "DEBUG $(inherited)";
				SWIFT_OPTIMIZATION_LEVEL = "-Onone";
			};
			name = Debug;
		};
		2F0202F02C2B4C50000EB630 /* Release */ = {
			isa = XCBuildConfiguration;
			buildSettings = {
				ALWAYS_SEARCH_USER_PATHS = NO;
				ASSETCATALOG_COMPILER_GENERATE_SWIFT_ASSET_SYMBOL_EXTENSIONS = YES;
				CLANG_ANALYZER_NONNULL = YES;
				CLANG_ANALYZER_NUMBER_OBJECT_CONVERSION = YES_AGGRESSIVE;
				CLANG_CXX_LANGUAGE_STANDARD = "gnu++20";
				CLANG_ENABLE_MODULES = YES;
				CLANG_ENABLE_OBJC_ARC = YES;
				CLANG_ENABLE_OBJC_WEAK = YES;
				CLANG_WARN_BLOCK_CAPTURE_AUTORELEASING = YES;
				CLANG_WARN_BOOL_CONVERSION = YES;
				CLANG_WARN_COMMA = YES;
				CLANG_WARN_CONSTANT_CONVERSION = YES;
				CLANG_WARN_DEPRECATED_OBJC_IMPLEMENTATIONS = YES;
				CLANG_WARN_DIRECT_OBJC_ISA_USAGE = YES_ERROR;
				CLANG_WARN_DOCUMENTATION_COMMENTS = YES;
				CLANG_WARN_EMPTY_BODY = YES;
				CLANG_WARN_ENUM_CONVERSION = YES;
				CLANG_WARN_INFINITE_RECURSION = YES;
				CLANG_WARN_INT_CONVERSION = YES;
				CLANG_WARN_NON_LITERAL_NULL_CONVERSION = YES;
				CLANG_WARN_OBJC_IMPLICIT_RETAIN_SELF = YES;
				CLANG_WARN_OBJC_LITERAL_CONVERSION = YES;
				CLANG_WARN_OBJC_ROOT_CLASS = YES_ERROR;
				CLANG_WARN_QUOTED_INCLUDE_IN_FRAMEWORK_HEADER = YES;
				CLANG_WARN_RANGE_LOOP_ANALYSIS = YES;
				CLANG_WARN_STRICT_PROTOTYPES = YES;
				CLANG_WARN_SUSPICIOUS_MOVE = YES;
				CLANG_WARN_UNGUARDED_AVAILABILITY = YES_AGGRESSIVE;
				CLANG_WARN_UNREACHABLE_CODE = YES;
				CLANG_WARN__DUPLICATE_METHOD_MATCH = YES;
				COPY_PHASE_STRIP = NO;
				DEBUG_INFORMATION_FORMAT = "dwarf-with-dsym";
				ENABLE_NS_ASSERTIONS = NO;
				ENABLE_STRICT_OBJC_MSGSEND = YES;
				ENABLE_USER_SCRIPT_SANDBOXING = YES;
				GCC_C_LANGUAGE_STANDARD = gnu17;
				GCC_NO_COMMON_BLOCKS = YES;
				GCC_WARN_64_TO_32_BIT_CONVERSION = YES;
				GCC_WARN_ABOUT_RETURN_TYPE = YES_ERROR;
				GCC_WARN_UNDECLARED_SELECTOR = YES;
				GCC_WARN_UNINITIALIZED_AUTOS = YES_AGGRESSIVE;
				GCC_WARN_UNUSED_FUNCTION = YES;
				GCC_WARN_UNUSED_VARIABLE = YES;
				IPHONEOS_DEPLOYMENT_TARGET = 17.2;
				LOCALIZATION_PREFERS_STRING_CATALOGS = YES;
				MTL_ENABLE_DEBUG_INFO = NO;
				MTL_FAST_MATH = YES;
				SDKROOT = iphoneos;
				SWIFT_COMPILATION_MODE = wholemodule;
				VALIDATE_PRODUCT = YES;
			};
			name = Release;
		};
		2F0202F22C2B4C50000EB630 /* Debug */ = {
			isa = XCBuildConfiguration;
			buildSettings = {
				ASSETCATALOG_COMPILER_APPICON_NAME = AppIcon;
				ASSETCATALOG_COMPILER_GLOBAL_ACCENT_COLOR_NAME = AccentColor;
				CODE_SIGN_STYLE = Automatic;
				CURRENT_PROJECT_VERSION = 1;
				DEVELOPMENT_ASSET_PATHS = "\"APOD/Preview Content\"";
				DEVELOPMENT_TEAM = SUD83636UR;
				ENABLE_PREVIEWS = YES;
				GENERATE_INFOPLIST_FILE = YES;
				INFOPLIST_KEY_UIApplicationSceneManifest_Generation = YES;
				INFOPLIST_KEY_UIApplicationSupportsIndirectInputEvents = YES;
				INFOPLIST_KEY_UILaunchScreen_Generation = YES;
				INFOPLIST_KEY_UISupportedInterfaceOrientations_iPad = "UIInterfaceOrientationPortrait UIInterfaceOrientationPortraitUpsideDown UIInterfaceOrientationLandscapeLeft UIInterfaceOrientationLandscapeRight";
				INFOPLIST_KEY_UISupportedInterfaceOrientations_iPhone = "UIInterfaceOrientationPortrait UIInterfaceOrientationLandscapeLeft UIInterfaceOrientationLandscapeRight";
				LD_RUNPATH_SEARCH_PATHS = (
					"$(inherited)",
					"@executable_path/Frameworks",
				);
				MARKETING_VERSION = 1.0;
				PRODUCT_BUNDLE_IDENTIFIER = com.braydenharris.APOD;
				PRODUCT_NAME = "$(TARGET_NAME)";
				SWIFT_EMIT_LOC_STRINGS = YES;
				SWIFT_VERSION = 5.0;
				TARGETED_DEVICE_FAMILY = "1,2";
			};
			name = Debug;
		};
		2F0202F32C2B4C50000EB630 /* Release */ = {
			isa = XCBuildConfiguration;
			buildSettings = {
				ASSETCATALOG_COMPILER_APPICON_NAME = AppIcon;
				ASSETCATALOG_COMPILER_GLOBAL_ACCENT_COLOR_NAME = AccentColor;
				CODE_SIGN_STYLE = Automatic;
				CURRENT_PROJECT_VERSION = 1;
				DEVELOPMENT_ASSET_PATHS = "\"APOD/Preview Content\"";
				DEVELOPMENT_TEAM = SUD83636UR;
				ENABLE_PREVIEWS = YES;
				GENERATE_INFOPLIST_FILE = YES;
				INFOPLIST_KEY_UIApplicationSceneManifest_Generation = YES;
				INFOPLIST_KEY_UIApplicationSupportsIndirectInputEvents = YES;
				INFOPLIST_KEY_UILaunchScreen_Generation = YES;
				INFOPLIST_KEY_UISupportedInterfaceOrientations_iPad = "UIInterfaceOrientationPortrait UIInterfaceOrientationPortraitUpsideDown UIInterfaceOrientationLandscapeLeft UIInterfaceOrientationLandscapeRight";
				INFOPLIST_KEY_UISupportedInterfaceOrientations_iPhone = "UIInterfaceOrientationPortrait UIInterfaceOrientationLandscapeLeft UIInterfaceOrientationLandscapeRight";
				LD_RUNPATH_SEARCH_PATHS = (
					"$(inherited)",
					"@executable_path/Frameworks",
				);
				MARKETING_VERSION = 1.0;
				PRODUCT_BUNDLE_IDENTIFIER = com.braydenharris.APOD;
				PRODUCT_NAME = "$(TARGET_NAME)";
				SWIFT_EMIT_LOC_STRINGS = YES;
				SWIFT_VERSION = 5.0;
				TARGETED_DEVICE_FAMILY = "1,2";
			};
			name = Release;
		};
		2F0202F52C2B4C50000EB630 /* Debug */ = {
			isa = XCBuildConfiguration;
			buildSettings = {
				ALWAYS_EMBED_SWIFT_STANDARD_LIBRARIES = YES;
				BUNDLE_LOADER = "$(TEST_HOST)";
				CODE_SIGN_STYLE = Automatic;
				CURRENT_PROJECT_VERSION = 1;
				DEVELOPMENT_TEAM = SUD83636UR;
				GENERATE_INFOPLIST_FILE = YES;
				IPHONEOS_DEPLOYMENT_TARGET = 17.2;
				MARKETING_VERSION = 1.0;
				PRODUCT_BUNDLE_IDENTIFIER = com.braydenharris.APODTests;
				PRODUCT_NAME = "$(TARGET_NAME)";
				SWIFT_EMIT_LOC_STRINGS = NO;
				SWIFT_VERSION = 5.0;
				TARGETED_DEVICE_FAMILY = "1,2";
				TEST_HOST = "$(BUILT_PRODUCTS_DIR)/APOD.app/$(BUNDLE_EXECUTABLE_FOLDER_PATH)/APOD";
			};
			name = Debug;
		};
		2F0202F62C2B4C50000EB630 /* Release */ = {
			isa = XCBuildConfiguration;
			buildSettings = {
				ALWAYS_EMBED_SWIFT_STANDARD_LIBRARIES = YES;
				BUNDLE_LOADER = "$(TEST_HOST)";
				CODE_SIGN_STYLE = Automatic;
				CURRENT_PROJECT_VERSION = 1;
				DEVELOPMENT_TEAM = SUD83636UR;
				GENERATE_INFOPLIST_FILE = YES;
				IPHONEOS_DEPLOYMENT_TARGET = 17.2;
				MARKETING_VERSION = 1.0;
				PRODUCT_BUNDLE_IDENTIFIER = com.braydenharris.APODTests;
				PRODUCT_NAME = "$(TARGET_NAME)";
				SWIFT_EMIT_LOC_STRINGS = NO;
				SWIFT_VERSION = 5.0;
				TARGETED_DEVICE_FAMILY = "1,2";
				TEST_HOST = "$(BUILT_PRODUCTS_DIR)/APOD.app/$(BUNDLE_EXECUTABLE_FOLDER_PATH)/APOD";
			};
			name = Release;
		};
		2F0202F82C2B4C50000EB630 /* Debug */ = {
			isa = XCBuildConfiguration;
			buildSettings = {
				ALWAYS_EMBED_SWIFT_STANDARD_LIBRARIES = YES;
				CODE_SIGN_STYLE = Automatic;
				CURRENT_PROJECT_VERSION = 1;
				DEVELOPMENT_TEAM = SUD83636UR;
				GENERATE_INFOPLIST_FILE = YES;
				MARKETING_VERSION = 1.0;
				PRODUCT_BUNDLE_IDENTIFIER = com.braydenharris.APODUITests;
				PRODUCT_NAME = "$(TARGET_NAME)";
				SWIFT_EMIT_LOC_STRINGS = NO;
				SWIFT_VERSION = 5.0;
				TARGETED_DEVICE_FAMILY = "1,2";
				TEST_TARGET_NAME = APOD;
			};
			name = Debug;
		};
		2F0202F92C2B4C50000EB630 /* Release */ = {
			isa = XCBuildConfiguration;
			buildSettings = {
				ALWAYS_EMBED_SWIFT_STANDARD_LIBRARIES = YES;
				CODE_SIGN_STYLE = Automatic;
				CURRENT_PROJECT_VERSION = 1;
				DEVELOPMENT_TEAM = SUD83636UR;
				GENERATE_INFOPLIST_FILE = YES;
				MARKETING_VERSION = 1.0;
				PRODUCT_BUNDLE_IDENTIFIER = com.braydenharris.APODUITests;
				PRODUCT_NAME = "$(TARGET_NAME)";
				SWIFT_EMIT_LOC_STRINGS = NO;
				SWIFT_VERSION = 5.0;
				TARGETED_DEVICE_FAMILY = "1,2";
				TEST_TARGET_NAME = APOD;
			};
			name = Release;
		};
/* End XCBuildConfiguration section */

/* Begin XCConfigurationList section */
		2F0202C82C2B4C4D000EB630 /* Build configuration list for PBXProject "APOD" */ = {
			isa = XCConfigurationList;
			buildConfigurations = (
				2F0202EF2C2B4C50000EB630 /* Debug */,
				2F0202F02C2B4C50000EB630 /* Release */,
			);
			defaultConfigurationIsVisible = 0;
			defaultConfigurationName = Release;
		};
		2F0202F12C2B4C50000EB630 /* Build configuration list for PBXNativeTarget "APOD" */ = {
			isa = XCConfigurationList;
			buildConfigurations = (
				2F0202F22C2B4C50000EB630 /* Debug */,
				2F0202F32C2B4C50000EB630 /* Release */,
			);
			defaultConfigurationIsVisible = 0;
			defaultConfigurationName = Release;
		};
		2F0202F42C2B4C50000EB630 /* Build configuration list for PBXNativeTarget "APODTests" */ = {
			isa = XCConfigurationList;
			buildConfigurations = (
				2F0202F52C2B4C50000EB630 /* Debug */,
				2F0202F62C2B4C50000EB630 /* Release */,
			);
			defaultConfigurationIsVisible = 0;
			defaultConfigurationName = Release;
		};
		2F0202F72C2B4C50000EB630 /* Build configuration list for PBXNativeTarget "APODUITests" */ = {
			isa = XCConfigurationList;
			buildConfigurations = (
				2F0202F82C2B4C50000EB630 /* Debug */,
				2F0202F92C2B4C50000EB630 /* Release */,
			);
			defaultConfigurationIsVisible = 0;
			defaultConfigurationName = Release;
		};
/* End XCConfigurationList section */
	};
	rootObject = 2F0202C52C2B4C4D000EB630 /* Project object */;
}
